
Microsoft Visual Studio Solution File, Format Version 10.00
# Visual Studio 2008
Project("{FAE04EC0-301F-11D3-BF4B-00C04F79EFBC}") = "WindowsFormsApplication1", "WindowsFormsApplication1\WindowsFormsApplication1.csproj", "{EDD79B27-B1DF-4A99-B97A-D20881949456}"
EndProject
Global
	GlobalSection(SolutionConfigurationPlatforms) = preSolution
		Debug|Any CPU = Debug|Any CPU
		Release|Any CPU = Release|Any CPU
	EndGlobalSection
	GlobalSection(ProjectConfigurationPlatforms) = postSolution
		{EDD79B27-B1DF-4A99-B97A-D20881949456}.Debug|Any CPU.ActiveCfg = Debug|Any CPU
		{EDD79B27-B1DF-4A99-B97A-D20881949456}.Debug|Any CPU.Build.0 = Debug|Any CPU
		{EDD79B27-B1DF-4A99-B97A-D20881949456}.Release|Any CPU.ActiveCfg = Release|Any CPU
		{EDD79B27-B1DF-4A99-B97A-D20881949456}.Release|Any CPU.Build.0 = Release|Any CPU
	EndGlobalSection
	GlobalSection(SolutionProperties) = preSolution
		HideSolutionNode = FALSE
	EndGlobalSection
EndGlobal
